
Microsoft Visual Studio Solution File, Format Version 12.00
# Visual Studio Version 16
VisualStudioVersion = 16.0.28803.202
MinimumVisualStudioVersion = 10.0.40219.1
Project("{F184B08F-C81C-45F6-A57F-5ABD9991F28F}") = "DealOrNoDeal", "DealOrNoDeal.vbproj", "{117CC619-FE3E-4BD1-8377-E16620059A53}"
EndProject
Global
	GlobalSection(SolutionConfigurationPlatforms) = preSolution
		Debug|Any CPU = Debug|Any CPU
		Release|Any CPU = Release|Any CPU
	EndGlobalSection
	GlobalSection(ProjectConfigurationPlatforms) = postSolution
		{117CC619-FE3E-4BD1-8377-E16620059A53}.Debug|Any CPU.ActiveCfg = Debug|Any CPU
		{117CC619-FE3E-4BD1-8377-E16620059A53}.Debug|Any CPU.Build.0 = Debug|Any CPU
		{117CC619-FE3E-4BD1-8377-E16620059A53}.Release|Any CPU.ActiveCfg = Release|Any CPU
		{117CC619-FE3E-4BD1-8377-E16620059A53}.Release|Any CPU.Build.0 = Release|Any CPU
	EndGlobalSection
	GlobalSection(SolutionProperties) = preSolution
		HideSolutionNode = FALSE
	EndGlobalSection
	GlobalSection(ExtensibilityGlobals) = postSolution
		SolutionGuid = {C3E35DC5-691C-4A2A-8916-BCB37E3B5032}
	EndGlobalSection
EndGlobal
